{
  "version": 4,
  "terraform_version": "1.8.2",
  "serial": 171,
  "lineage": "a922ce7b-5d77-a823-93d1-d63495e9b906",
  "outputs": {},
  "resources": [
    {
      "mode": "data",
      "type": "aws_instance",
      "name": "ec2",
      "provider": "provider[\"registry.terraform.io/hashicorp/aws\"]",
      "instances": [
        {
          "schema_version": 0,
          "attributes": {
            "ami": "ami-0b54318913c8316f5",
            "arn": "arn:aws:ec2:us-east-1:026959335123:instance/i-0166b7144673d9dc3",
            "associate_public_ip_address": true,
            "availability_zone": "us-east-1c",
            "credit_specification": [
              {
                "cpu_credits": "unlimited"
              }
            ],
            "disable_api_stop": false,
            "disable_api_termination": false,
            "ebs_block_device": [],
            "ebs_optimized": false,
            "enclave_options": [
              {
                "enabled": false
              }
            ],
            "ephemeral_block_device": [],
            "filter": [
              {
                "name": "tag:eks:nodegroup-name",
                "values": [
                  "NG-api-gerenciamento"
                ]
              }
            ],
            "get_password_data": false,
            "get_user_data": false,
            "host_id": "",
            "host_resource_group_arn": "",
            "iam_instance_profile": "eks-14c7b8fc-0078-fd60-5a77-e418c094f01b",
            "id": "i-0166b7144673d9dc3",
            "instance_id": null,
            "instance_state": "running",
            "instance_tags": null,
            "instance_type": "t3a.medium",
            "ipv6_addresses": [],
            "key_name": "",
            "maintenance_options": [
              {
                "auto_recovery": "default"
              }
            ],
            "metadata_options": [
              {
                "http_endpoint": "enabled",
                "http_protocol_ipv6": "disabled",
                "http_put_response_hop_limit": 2,
                "http_tokens": "optional",
                "instance_metadata_tags": "disabled"
              }
            ],
            "monitoring": false,
            "network_interface_id": "eni-0edb561866225d889",
            "outpost_arn": "",
            "password_data": null,
            "placement_group": "",
            "placement_partition_number": 0,
            "private_dns": "ip-172-31-39-32.ec2.internal",
            "private_dns_name_options": [
              {
                "enable_resource_name_dns_a_record": false,
                "enable_resource_name_dns_aaaa_record": false,
                "hostname_type": "ip-name"
              }
            ],
            "private_ip": "172.31.39.32",
            "public_dns": "ec2-184-73-45-4.compute-1.amazonaws.com",
            "public_ip": "184.73.45.4",
            "root_block_device": [
              {
                "delete_on_termination": true,
                "device_name": "/dev/xvda",
                "encrypted": false,
                "iops": 150,
                "kms_key_id": "",
                "tags": {},
                "throughput": 0,
                "volume_id": "vol-055540258a8ab3461",
                "volume_size": 50,
                "volume_type": "gp2"
              }
            ],
            "secondary_private_ips": [
              "172.31.33.20",
              "172.31.34.50",
              "172.31.36.195",
              "172.31.41.19",
              "172.31.45.145"
            ],
            "security_groups": [
              "eks-cluster-sg-api-gerenciamento-1117236608"
            ],
            "source_dest_check": true,
            "subnet_id": "subnet-042b1fecc92fa3bc1",
            "tags": {
              "eks:cluster-name": "api-gerenciamento",
              "eks:nodegroup-name": "NG-api-gerenciamento",
              "k8s.io/cluster-autoscaler/api-gerenciamento": "owned",
              "k8s.io/cluster-autoscaler/enabled": "true",
              "kubernetes.io/cluster/api-gerenciamento": "owned"
            },
            "tenancy": "default",
            "timeouts": null,
            "user_data": "05a9bd77b943dcfa0f2c9d4cdd8330815b25d298",
            "user_data_base64": null,
            "vpc_security_group_ids": [
              "sg-05c0a73607087c780"
            ]
          },
          "sensitive_attributes": []
        }
      ]
    },
    {
      "mode": "managed",
      "type": "aws_alb",
      "name": "alb",
      "provider": "provider[\"registry.terraform.io/hashicorp/aws\"]",
      "instances": [
        {
          "schema_version": 0,
          "attributes": {
            "access_logs": [
              {
                "bucket": "",
                "enabled": false,
                "prefix": ""
              }
            ],
            "arn": "arn:aws:elasticloadbalancing:us-east-1:026959335123:loadbalancer/app/ALB-api-gerenciamento/275f7e5f671597dc",
            "arn_suffix": "app/ALB-api-gerenciamento/275f7e5f671597dc",
            "client_keep_alive": 3600,
            "connection_logs": [
              {
                "bucket": "",
                "enabled": false,
                "prefix": ""
              }
            ],
            "customer_owned_ipv4_pool": "",
            "desync_mitigation_mode": "defensive",
            "dns_name": "ALB-api-gerenciamento-1244850155.us-east-1.elb.amazonaws.com",
            "dns_record_client_routing_policy": null,
            "drop_invalid_header_fields": false,
            "enable_cross_zone_load_balancing": true,
            "enable_deletion_protection": false,
            "enable_http2": true,
            "enable_tls_version_and_cipher_suite_headers": false,
            "enable_waf_fail_open": false,
            "enable_xff_client_port": false,
            "enforce_security_group_inbound_rules_on_private_link_traffic": "",
            "id": "arn:aws:elasticloadbalancing:us-east-1:026959335123:loadbalancer/app/ALB-api-gerenciamento/275f7e5f671597dc",
            "idle_timeout": 60,
            "internal": false,
            "ip_address_type": "ipv4",
            "load_balancer_type": "application",
            "name": "ALB-api-gerenciamento",
            "name_prefix": "",
            "preserve_host_header": false,
            "security_groups": [
              "sg-0f9057ae56c95767a"
            ],
            "subnet_mapping": [
              {
                "allocation_id": "",
                "ipv6_address": "",
                "outpost_id": "",
                "private_ipv4_address": "",
                "subnet_id": "subnet-012388470a2e0d4e4"
              },
              {
                "allocation_id": "",
                "ipv6_address": "",
                "outpost_id": "",
                "private_ipv4_address": "",
                "subnet_id": "subnet-01672dab6b387d4e6"
              },
              {
                "allocation_id": "",
                "ipv6_address": "",
                "outpost_id": "",
                "private_ipv4_address": "",
                "subnet_id": "subnet-042b1fecc92fa3bc1"
              }
            ],
            "subnets": [
              "subnet-012388470a2e0d4e4",
              "subnet-01672dab6b387d4e6",
              "subnet-042b1fecc92fa3bc1"
            ],
            "tags": null,
            "tags_all": {},
            "timeouts": null,
            "vpc_id": "vpc-064ba82a03c2e4940",
            "xff_header_processing_mode": "append",
            "zone_id": "Z35SXDOTRQ7X7K"
          },
          "sensitive_attributes": [],
          "private": "eyJlMmJmYjczMC1lY2FhLTExZTYtOGY4OC0zNDM2M2JjN2M0YzAiOnsiY3JlYXRlIjo2MDAwMDAwMDAwMDAsImRlbGV0ZSI6NjAwMDAwMDAwMDAwLCJ1cGRhdGUiOjYwMDAwMDAwMDAwMH19",
          "dependencies": [
            "aws_security_group.sg"
          ]
        }
      ]
    },
    {
      "mode": "managed",
      "type": "aws_alb_listener",
      "name": "listener",
      "provider": "provider[\"registry.terraform.io/hashicorp/aws\"]",
      "instances": [
        {
          "schema_version": 0,
          "attributes": {
            "alpn_policy": null,
            "arn": "arn:aws:elasticloadbalancing:us-east-1:026959335123:listener/app/ALB-api-gerenciamento/275f7e5f671597dc/fb68b1c03fe3676d",
            "certificate_arn": null,
            "default_action": [
              {
                "authenticate_cognito": [],
                "authenticate_oidc": [],
                "fixed_response": [],
                "forward": [],
                "order": 1,
                "redirect": [],
                "target_group_arn": "arn:aws:elasticloadbalancing:us-east-1:026959335123:targetgroup/TG-api-gerenciamento/7eaee3dcc637bd72",
                "type": "forward"
              }
            ],
            "id": "arn:aws:elasticloadbalancing:us-east-1:026959335123:listener/app/ALB-api-gerenciamento/275f7e5f671597dc/fb68b1c03fe3676d",
            "load_balancer_arn": "arn:aws:elasticloadbalancing:us-east-1:026959335123:loadbalancer/app/ALB-api-gerenciamento/275f7e5f671597dc",
            "mutual_authentication": [],
            "port": 80,
            "protocol": "HTTP",
            "ssl_policy": "",
            "tags": null,
            "tags_all": {},
            "timeouts": null
          },
          "sensitive_attributes": [],
          "private": "eyJlMmJmYjczMC1lY2FhLTExZTYtOGY4OC0zNDM2M2JjN2M0YzAiOnsiY3JlYXRlIjozMDAwMDAwMDAwMDAsInVwZGF0ZSI6MzAwMDAwMDAwMDAwfX0=",
          "dependencies": [
            "aws_alb.alb",
            "aws_lb_target_group.tg",
            "aws_security_group.sg"
          ]
        }
      ]
    },
    {
      "mode": "managed",
      "type": "aws_eks_access_entry",
      "name": "access-entry",
      "provider": "provider[\"registry.terraform.io/hashicorp/aws\"]",
      "instances": [
        {
          "schema_version": 0,
          "attributes": {
            "access_entry_arn": "arn:aws:eks:us-east-1:026959335123:access-entry/api-gerenciamento/role/026959335123/voclabs/a0c7b8fc-0092-a207-9dc9-bbf30125436f",
            "cluster_name": "api-gerenciamento",
            "created_at": "2024-05-13T12:40:29Z",
            "id": "api-gerenciamento:arn:aws:iam::026959335123:role/voclabs",
            "kubernetes_groups": [
              "techchallenge"
            ],
            "modified_at": "2024-05-13T12:40:29Z",
            "principal_arn": "arn:aws:iam::026959335123:role/voclabs",
            "tags": null,
            "tags_all": {},
            "timeouts": null,
            "type": "STANDARD",
            "user_name": "arn:aws:sts::026959335123:assumed-role/voclabs/{{SessionName}}"
          },
          "sensitive_attributes": [],
          "private": "eyJlMmJmYjczMC1lY2FhLTExZTYtOGY4OC0zNDM2M2JjN2M0YzAiOnsiY3JlYXRlIjo2MDAwMDAwMDAwMDAsImRlbGV0ZSI6NjAwMDAwMDAwMDAwfX0=",
          "dependencies": [
            "aws_eks_cluster.eks-cluster",
            "aws_security_group.sg"
          ]
        }
      ]
    },
    {
      "mode": "managed",
      "type": "aws_eks_access_policy_association",
      "name": "eks-policy",
      "provider": "provider[\"registry.terraform.io/hashicorp/aws\"]",
      "instances": [
        {
          "schema_version": 0,
          "attributes": {
            "access_scope": [
              {
                "namespaces": null,
                "type": "cluster"
              }
            ],
            "associated_at": "2024-05-13 12:40:29.974 +0000 UTC",
            "cluster_name": "api-gerenciamento",
            "id": "api-gerenciamento#arn:aws:iam::026959335123:role/voclabs#arn:aws:eks::aws:cluster-access-policy/AmazonEKSClusterAdminPolicy",
            "modified_at": "2024-05-13 12:40:29.974 +0000 UTC",
            "policy_arn": "arn:aws:eks::aws:cluster-access-policy/AmazonEKSClusterAdminPolicy",
            "principal_arn": "arn:aws:iam::026959335123:role/voclabs",
            "timeouts": null
          },
          "sensitive_attributes": [],
          "private": "eyJlMmJmYjczMC1lY2FhLTExZTYtOGY4OC0zNDM2M2JjN2M0YzAiOnsiY3JlYXRlIjo2MDAwMDAwMDAwMDAsImRlbGV0ZSI6NjAwMDAwMDAwMDAwfX0=",
          "dependencies": [
            "aws_eks_cluster.eks-cluster",
            "aws_security_group.sg"
          ]
        }
      ]
    },
    {
      "mode": "managed",
      "type": "aws_eks_cluster",
      "name": "eks-cluster",
      "provider": "provider[\"registry.terraform.io/hashicorp/aws\"]",
      "instances": [
        {
          "schema_version": 0,
          "attributes": {
            "access_config": [
              {
                "authentication_mode": "API_AND_CONFIG_MAP",
                "bootstrap_cluster_creator_admin_permissions": false
              }
            ],
            "arn": "arn:aws:eks:us-east-1:026959335123:cluster/api-gerenciamento",
            "certificate_authority": [
              {
                "data": "LS0tLS1CRUdJTiBDRVJUSUZJQ0FURS0tLS0tCk1JSURCVENDQWUyZ0F3SUJBZ0lJT2hHNW51dkJxeGN3RFFZSktvWklodmNOQVFFTEJRQXdGVEVUTUJFR0ExVUUKQXhNS2EzVmlaWEp1WlhSbGN6QWVGdzB5TkRBMU1UTXhNak14TlRkYUZ3MHpOREExTVRFeE1qTTJOVGRhTUJVeApFekFSQmdOVkJBTVRDbXQxWW1WeWJtVjBaWE13Z2dFaU1BMEdDU3FHU0liM0RRRUJBUVVBQTRJQkR3QXdnZ0VLCkFvSUJBUUNneGFoSkRxZTZYRVp0emFqRzhOaUE0UXgrQUE2OGtCZjlJdUIzL0dFYjJjRzRyK0ROZU10dThHOTQKbzd3NlQwVEtzbHFzRG1rSlBJRHU0K3hnVytDdUZVR0pJN0lDWStHRk5yZ1ozMVNxYzdnQVJ1SlF3ZkNWdFJDbgpsWTZybmdIbkRtekV4UUJVNVgwK0wrOWxzemJvNFQ0VG5BdHhyU0g2Qkh5SFRFcldtRDNZRFVZS1NIZ3NTZDdDClVaWmMzQWpRbzE0QWMzd2UwazdKQXY4Sms3S1FQL01oR1hEQmJPbHA4anZMUWhhbTRhTjY3QWc3L1NRZy80UmgKT3NxeUp2alVTNEJNNy90Z2g1RjUwditnSWdQbTArSENwMDAzWU5QM1NSV1FRUjhrRUF4bXZNZzlMZW03Q0ptegplbkdjOXFSOHk1cnM1czFXWFNBT0hmV3dWbzlqQWdNQkFBR2pXVEJYTUE0R0ExVWREd0VCL3dRRUF3SUNwREFQCkJnTlZIUk1CQWY4RUJUQURBUUgvTUIwR0ExVWREZ1FXQkJSM04yTlJVdTl6cUJoR1hWZ0M2NGtpM3FrYXh6QVYKQmdOVkhSRUVEakFNZ2dwcmRXSmxjbTVsZEdWek1BMEdDU3FHU0liM0RRRUJDd1VBQTRJQkFRQjlOVndlYmxqOAptZTJlSWw3YStNSEcxNk1tdnlDL1hjeHFRTE5Rdy96bElzWmJXeGx5Yi9hZFFneks3VlFwcmJHRE9BREE0Zm9TCk54ZGRlL2pJTnVoSTF3WTJjR2R6bEtMQkM2cm5wOEI5SGtyWGlORjluUW1HNnhlcHhFbzJxLzZaQzM4NWhsL08KK3FoaWptZjBDa3JjYW5nYXJJeUtjNlhmak14YVYzTEdsVXZ2QlZ1YUY2aFJrZEpWUTd0ZXVzSjNRQWhrdVFYegoveTg2QXc5aWV1eCtYaDcwL0EvbXRlL1g5LzErbURoQ2wrS3dDNlU0SENabDVrei8xQ1ZDaVZvU3RiQXZWVFIyCnA0eUl1N2pxT2o1S291TnJOUVBJdVk0Y0xNMG1zTzhHTlpjcFZPNXU1M3BYM0paMU55eXBGN25aUERoY1FDZEEKeXZSaStsMDl6NUNJCi0tLS0tRU5EIENFUlRJRklDQVRFLS0tLS0K"
              }
            ],
            "cluster_id": null,
            "created_at": "2024-05-13 12:32:09.208 +0000 UTC",
            "enabled_cluster_log_types": null,
            "encryption_config": [],
            "endpoint": "https://FC7E6ECB386920059E9AD76FF2806CA6.gr7.us-east-1.eks.amazonaws.com",
            "id": "api-gerenciamento",
            "identity": [
              {
                "oidc": [
                  {
                    "issuer": "https://oidc.eks.us-east-1.amazonaws.com/id/FC7E6ECB386920059E9AD76FF2806CA6"
                  }
                ]
              }
            ],
            "kubernetes_network_config": [
              {
                "ip_family": "ipv4",
                "service_ipv4_cidr": "10.100.0.0/16",
                "service_ipv6_cidr": ""
              }
            ],
            "name": "api-gerenciamento",
            "outpost_config": [],
            "platform_version": "eks.6",
            "role_arn": "arn:aws:iam::026959335123:role/LabRole",
            "status": "ACTIVE",
            "tags": null,
            "tags_all": {},
            "timeouts": null,
            "version": "1.29",
            "vpc_config": [
              {
                "cluster_security_group_id": "sg-05c0a73607087c780",
                "endpoint_private_access": false,
                "endpoint_public_access": true,
                "public_access_cidrs": [
                  "0.0.0.0/0"
                ],
                "security_group_ids": [
                  "sg-0f9057ae56c95767a"
                ],
                "subnet_ids": [
                  "subnet-012388470a2e0d4e4",
                  "subnet-01672dab6b387d4e6",
                  "subnet-042b1fecc92fa3bc1"
                ],
                "vpc_id": "vpc-064ba82a03c2e4940"
              }
            ]
          },
          "sensitive_attributes": [],
          "private": "eyJlMmJmYjczMC1lY2FhLTExZTYtOGY4OC0zNDM2M2JjN2M0YzAiOnsiY3JlYXRlIjoxODAwMDAwMDAwMDAwLCJkZWxldGUiOjkwMDAwMDAwMDAwMCwidXBkYXRlIjozNjAwMDAwMDAwMDAwfX0=",
          "dependencies": [
            "aws_security_group.sg"
          ]
        }
      ]
    },
    {
      "mode": "managed",
      "type": "aws_eks_node_group",
      "name": "node-group",
      "provider": "provider[\"registry.terraform.io/hashicorp/aws\"]",
      "instances": [
        {
          "schema_version": 0,
          "attributes": {
            "ami_type": "AL2_x86_64",
            "arn": "arn:aws:eks:us-east-1:026959335123:nodegroup/api-gerenciamento/NG-api-gerenciamento/14c7b8fc-0078-fd60-5a77-e418c094f01b",
            "capacity_type": "ON_DEMAND",
            "cluster_name": "api-gerenciamento",
            "disk_size": 50,
            "force_update_version": null,
            "id": "api-gerenciamento:NG-api-gerenciamento",
            "instance_types": [
              "t3a.medium"
            ],
            "labels": null,
            "launch_template": [],
            "node_group_name": "NG-api-gerenciamento",
            "node_group_name_prefix": "",
            "node_role_arn": "arn:aws:iam::026959335123:role/LabRole",
            "release_version": "1.29.3-20240506",
            "remote_access": [],
            "resources": [
              {
                "autoscaling_groups": [
                  {
                    "name": "eks-NG-api-gerenciamento-14c7b8fc-0078-fd60-5a77-e418c094f01b"
                  }
                ],
                "remote_access_security_group_id": ""
              }
            ],
            "scaling_config": [
              {
                "desired_size": 1,
                "max_size": 2,
                "min_size": 1
              }
            ],
            "status": "ACTIVE",
            "subnet_ids": [
              "subnet-012388470a2e0d4e4",
              "subnet-01672dab6b387d4e6",
              "subnet-042b1fecc92fa3bc1"
            ],
            "tags": null,
            "tags_all": {},
            "taint": [],
            "timeouts": null,
            "update_config": [
              {
                "max_unavailable": 1,
                "max_unavailable_percentage": 0
              }
            ],
            "version": "1.29"
          },
          "sensitive_attributes": [],
          "private": "eyJlMmJmYjczMC1lY2FhLTExZTYtOGY4OC0zNDM2M2JjN2M0YzAiOnsiY3JlYXRlIjozNjAwMDAwMDAwMDAwLCJkZWxldGUiOjM2MDAwMDAwMDAwMDAsInVwZGF0ZSI6MzYwMDAwMDAwMDAwMH19",
          "dependencies": [
            "aws_eks_cluster.eks-cluster",
            "aws_security_group.sg"
          ]
        }
      ]
    },
    {
      "mode": "managed",
      "type": "aws_lb_target_group",
      "name": "tg",
      "provider": "provider[\"registry.terraform.io/hashicorp/aws\"]",
      "instances": [
        {
          "schema_version": 0,
          "attributes": {
            "arn": "arn:aws:elasticloadbalancing:us-east-1:026959335123:targetgroup/TG-api-gerenciamento/7eaee3dcc637bd72",
            "arn_suffix": "targetgroup/TG-api-gerenciamento/7eaee3dcc637bd72",
            "connection_termination": null,
            "deregistration_delay": "300",
            "health_check": [
              {
                "enabled": true,
                "healthy_threshold": 3,
                "interval": 30,
                "matcher": "200",
                "path": "/",
                "port": "30007",
                "protocol": "HTTP",
                "timeout": 5,
                "unhealthy_threshold": 3
              }
            ],
            "id": "arn:aws:elasticloadbalancing:us-east-1:026959335123:targetgroup/TG-api-gerenciamento/7eaee3dcc637bd72",
            "ip_address_type": "ipv4",
            "lambda_multi_value_headers_enabled": false,
            "load_balancer_arns": [],
            "load_balancing_algorithm_type": "round_robin",
            "load_balancing_anomaly_mitigation": "off",
            "load_balancing_cross_zone_enabled": "use_load_balancer_configuration",
            "name": "TG-api-gerenciamento",
            "name_prefix": "",
            "port": 30007,
            "preserve_client_ip": null,
            "protocol": "HTTP",
            "protocol_version": "HTTP1",
            "proxy_protocol_v2": false,
            "slow_start": 0,
            "stickiness": [
              {
                "cookie_duration": 86400,
                "cookie_name": "",
                "enabled": false,
                "type": "lb_cookie"
              }
            ],
            "tags": null,
            "tags_all": {},
            "target_failover": [
              {
                "on_deregistration": null,
                "on_unhealthy": null
              }
            ],
            "target_health_state": [
              {
                "enable_unhealthy_connection_termination": null
              }
            ],
            "target_type": "instance",
            "vpc_id": "vpc-064ba82a03c2e4940"
          },
          "sensitive_attributes": [],
          "private": "bnVsbA=="
        }
      ]
    },
    {
      "mode": "managed",
      "type": "aws_lb_target_group_attachment",
      "name": "attach",
      "provider": "provider[\"registry.terraform.io/hashicorp/aws\"]",
      "instances": [
        {
          "schema_version": 0,
          "attributes": {
            "availability_zone": null,
            "id": "arn:aws:elasticloadbalancing:us-east-1:026959335123:targetgroup/TG-api-gerenciamento/7eaee3dcc637bd72-20240513124148617800000002",
            "port": 30007,
            "target_group_arn": "arn:aws:elasticloadbalancing:us-east-1:026959335123:targetgroup/TG-api-gerenciamento/7eaee3dcc637bd72",
            "target_id": "i-0166b7144673d9dc3"
          },
          "sensitive_attributes": [],
          "private": "bnVsbA==",
          "dependencies": [
            "aws_eks_cluster.eks-cluster",
            "aws_eks_node_group.node-group",
            "aws_lb_target_group.tg",
            "aws_security_group.sg",
            "data.aws_instance.ec2"
          ]
        }
      ]
    },
    {
      "mode": "managed",
      "type": "aws_security_group",
      "name": "sg",
      "provider": "provider[\"registry.terraform.io/hashicorp/aws\"]",
      "instances": [
        {
          "schema_version": 1,
          "attributes": {
            "arn": "arn:aws:ec2:us-east-1:026959335123:security-group/sg-0f9057ae56c95767a",
            "description": "Grupo usado para a api de gerenciamento",
            "egress": [
              {
                "cidr_blocks": [
                  "0.0.0.0/0"
                ],
                "description": "All",
                "from_port": 0,
                "ipv6_cidr_blocks": [],
                "prefix_list_ids": [],
                "protocol": "-1",
                "security_groups": [],
                "self": false,
                "to_port": 0
              }
            ],
            "id": "sg-0f9057ae56c95767a",
            "ingress": [
              {
                "cidr_blocks": [
                  "0.0.0.0/0"
                ],
                "description": "All",
                "from_port": 80,
                "ipv6_cidr_blocks": [],
                "prefix_list_ids": [],
                "protocol": "tcp",
                "security_groups": [],
                "self": false,
                "to_port": 80
              }
            ],
            "name": "SG-api-gerenciamento",
            "name_prefix": "",
            "owner_id": "026959335123",
            "revoke_rules_on_delete": false,
            "tags": null,
            "tags_all": {},
            "timeouts": null,
            "vpc_id": "vpc-064ba82a03c2e4940"
          },
          "sensitive_attributes": [],
          "private": "eyJlMmJmYjczMC1lY2FhLTExZTYtOGY4OC0zNDM2M2JjN2M0YzAiOnsiY3JlYXRlIjo2MDAwMDAwMDAwMDAsImRlbGV0ZSI6OTAwMDAwMDAwMDAwfSwic2NoZW1hX3ZlcnNpb24iOiIxIn0="
        }
      ]
    }
  ],
  "check_results": null
}
